
Microsoft Visual Studio Solution File, Format Version 12.00
# Visual Studio 15
VisualStudioVersion = 15.0.27130.2036
MinimumVisualStudioVersion = 10.0.40219.1
Project("{FAE04EC0-301F-11D3-BF4B-00C04F79EFBC}") = "Client", "SecondLabClient\Client.csproj", "{D42920C5-3655-443C-AD1E-E31B06878FD1}"
EndProject
Global
	GlobalSection(SolutionConfigurationPlatforms) = preSolution
		Debug|Any CPU = Debug|Any CPU
		Release|Any CPU = Release|Any CPU
	EndGlobalSection
	GlobalSection(ProjectConfigurationPlatforms) = postSolution
		{D42920C5-3655-443C-AD1E-E31B06878FD1}.Debug|Any CPU.ActiveCfg = Debug|Any CPU
		{D42920C5-3655-443C-AD1E-E31B06878FD1}.Debug|Any CPU.Build.0 = Debug|Any CPU
		{D42920C5-3655-443C-AD1E-E31B06878FD1}.Release|Any CPU.ActiveCfg = Release|Any CPU
		{D42920C5-3655-443C-AD1E-E31B06878FD1}.Release|Any CPU.Build.0 = Release|Any CPU
	EndGlobalSection
	GlobalSection(SolutionProperties) = preSolution
		HideSolutionNode = FALSE
	EndGlobalSection
	GlobalSection(ExtensibilityGlobals) = postSolution
		SolutionGuid = {6039FDFE-399C-4F22-A27D-55101991660B}
	EndGlobalSection
EndGlobal
